{
  "name": "firebase-nest",
  "version": "2.0.1",
  "lockfileVersion": 1,
  "requires": true,
  "dependencies": {
    "query-selector-shadow-dom": {
      "version": "0.3.0",
      "resolved": "https://registry.npmjs.org/query-selector-shadow-dom/-/query-selector-shadow-dom-0.3.0.tgz",
      "integrity": "sha512-0Urk5LN4+IRZiVx0T3oIOly76hkOrOKQWyEgxtMh6gDZ5jIsWA1fz3hE9yLK/INbXDQxK4jfDeW/sAUbr7s/aw=="
    }
  }
}
