{
  "name": "firebase-nest",
  "version": "2.1.0",
  "lockfileVersion": 1,
  "requires": true,
  "dependencies": {
    "query-selector-shadow-dom": {
      "version": "0.3.2",
      "resolved": "https://registry.npmjs.org/query-selector-shadow-dom/-/query-selector-shadow-dom-0.3.2.tgz",
      "integrity": "sha512-rZlfu9j8Pc9kIci7rOH6tJ+pka9fxwyQo9VvrZ/2aJhP6rhHQ2IexnGjoLqQD2dsXBN1JdHAiMjXpwAH/qQ36g=="
    }
  }
}
